
Microsoft Visual Studio Solution File, Format Version 12.00
# Visual Studio 2013
VisualStudioVersion = 12.0.31101.0
MinimumVisualStudioVersion = 10.0.40219.1
Project("{FAE04EC0-301F-11D3-BF4B-00C04F79EFBC}") = "Chap 07 - Methods - A Deeper Look", "Craps\Chap 07 - Methods - A Deeper Look.csproj", "{C361F4EC-DF84-4841-80B7-59781BE6A6C9}"
EndProject
Project("{FAE04EC0-301F-11D3-BF4B-00C04F79EFBC}") = "Chap 08 - Array", "Chap 8 - InitArray\Chap 08 - Array.csproj", "{6D09675F-2228-48D5-A457-6648B6C59DB5}"
EndProject
Project("{FAE04EC0-301F-11D3-BF4B-00C04F79EFBC}") = "Chap 09 - Class and Object - A Deeper Look", "Chap 9 - Class and Object - A Deeper Look\Chap 09 - Class and Object - A Deeper Look.csproj", "{7C61FA84-A4CE-4F56-8ABE-CA29A56CDE67}"
EndProject
Project("{FAE04EC0-301F-11D3-BF4B-00C04F79EFBC}") = "Chap 10 - Inheritance", "Chap 10 - Inheritance\Chap 10 - Inheritance.csproj", "{50421CDB-9C2C-4931-8AE9-122CD2B2F2FD}"
EndProject
Project("{FAE04EC0-301F-11D3-BF4B-00C04F79EFBC}") = "Chap 11-Polymorphism_Interface_Operator Overload", "Chap 11 - Polymorphism_Interface_Operator Overload\Chap 11-Polymorphism_Interface_Operator Overload.csproj", "{108A0A6F-9EB6-448B-BF67-AE81858A4445}"
EndProject
Project("{FAE04EC0-301F-11D3-BF4B-00C04F79EFBC}") = "Chap 12 - Exception Handling", "Chap 12 - Exception Handling\Chap 12 - Exception Handling.csproj", "{CB55D922-198D-48AE-B5F4-13081BF45012}"
EndProject
Project("{FAE04EC0-301F-11D3-BF4B-00C04F79EFBC}") = "Chap 13 - GUI Concepts I", "Chap 13 - GUI Concepts I\Chap 13 - GUI Concepts I.csproj", "{F721A1D4-8570-4338-90E9-9C683D44FAA6}"
EndProject
Project("{FAE04EC0-301F-11D3-BF4B-00C04F79EFBC}") = "Chap 15 - Multithreading", "Chap 15 - Multithreading\Chap 15 - Multithreading.csproj", "{EC1D7D02-30FE-4F29-83A3-98B6A47EB6D1}"
EndProject
Global
	GlobalSection(SolutionConfigurationPlatforms) = preSolution
		Debug|Any CPU = Debug|Any CPU
		Release|Any CPU = Release|Any CPU
	EndGlobalSection
	GlobalSection(ProjectConfigurationPlatforms) = postSolution
		{C361F4EC-DF84-4841-80B7-59781BE6A6C9}.Debug|Any CPU.ActiveCfg = Debug|Any CPU
		{C361F4EC-DF84-4841-80B7-59781BE6A6C9}.Debug|Any CPU.Build.0 = Debug|Any CPU
		{C361F4EC-DF84-4841-80B7-59781BE6A6C9}.Release|Any CPU.ActiveCfg = Release|Any CPU
		{C361F4EC-DF84-4841-80B7-59781BE6A6C9}.Release|Any CPU.Build.0 = Release|Any CPU
		{6D09675F-2228-48D5-A457-6648B6C59DB5}.Debug|Any CPU.ActiveCfg = Debug|Any CPU
		{6D09675F-2228-48D5-A457-6648B6C59DB5}.Debug|Any CPU.Build.0 = Debug|Any CPU
		{6D09675F-2228-48D5-A457-6648B6C59DB5}.Release|Any CPU.ActiveCfg = Release|Any CPU
		{6D09675F-2228-48D5-A457-6648B6C59DB5}.Release|Any CPU.Build.0 = Release|Any CPU
		{7C61FA84-A4CE-4F56-8ABE-CA29A56CDE67}.Debug|Any CPU.ActiveCfg = Debug|Any CPU
		{7C61FA84-A4CE-4F56-8ABE-CA29A56CDE67}.Debug|Any CPU.Build.0 = Debug|Any CPU
		{7C61FA84-A4CE-4F56-8ABE-CA29A56CDE67}.Release|Any CPU.ActiveCfg = Release|Any CPU
		{7C61FA84-A4CE-4F56-8ABE-CA29A56CDE67}.Release|Any CPU.Build.0 = Release|Any CPU
		{50421CDB-9C2C-4931-8AE9-122CD2B2F2FD}.Debug|Any CPU.ActiveCfg = Debug|Any CPU
		{50421CDB-9C2C-4931-8AE9-122CD2B2F2FD}.Debug|Any CPU.Build.0 = Debug|Any CPU
		{50421CDB-9C2C-4931-8AE9-122CD2B2F2FD}.Release|Any CPU.ActiveCfg = Release|Any CPU
		{50421CDB-9C2C-4931-8AE9-122CD2B2F2FD}.Release|Any CPU.Build.0 = Release|Any CPU
		{108A0A6F-9EB6-448B-BF67-AE81858A4445}.Debug|Any CPU.ActiveCfg = Debug|Any CPU
		{108A0A6F-9EB6-448B-BF67-AE81858A4445}.Debug|Any CPU.Build.0 = Debug|Any CPU
		{108A0A6F-9EB6-448B-BF67-AE81858A4445}.Release|Any CPU.ActiveCfg = Release|Any CPU
		{108A0A6F-9EB6-448B-BF67-AE81858A4445}.Release|Any CPU.Build.0 = Release|Any CPU
		{CB55D922-198D-48AE-B5F4-13081BF45012}.Debug|Any CPU.ActiveCfg = Debug|Any CPU
		{CB55D922-198D-48AE-B5F4-13081BF45012}.Debug|Any CPU.Build.0 = Debug|Any CPU
		{CB55D922-198D-48AE-B5F4-13081BF45012}.Release|Any CPU.ActiveCfg = Release|Any CPU
		{CB55D922-198D-48AE-B5F4-13081BF45012}.Release|Any CPU.Build.0 = Release|Any CPU
		{F721A1D4-8570-4338-90E9-9C683D44FAA6}.Debug|Any CPU.ActiveCfg = Debug|Any CPU
		{F721A1D4-8570-4338-90E9-9C683D44FAA6}.Debug|Any CPU.Build.0 = Debug|Any CPU
		{F721A1D4-8570-4338-90E9-9C683D44FAA6}.Release|Any CPU.ActiveCfg = Release|Any CPU
		{F721A1D4-8570-4338-90E9-9C683D44FAA6}.Release|Any CPU.Build.0 = Release|Any CPU
		{EC1D7D02-30FE-4F29-83A3-98B6A47EB6D1}.Debug|Any CPU.ActiveCfg = Debug|Any CPU
		{EC1D7D02-30FE-4F29-83A3-98B6A47EB6D1}.Debug|Any CPU.Build.0 = Debug|Any CPU
		{EC1D7D02-30FE-4F29-83A3-98B6A47EB6D1}.Release|Any CPU.ActiveCfg = Release|Any CPU
		{EC1D7D02-30FE-4F29-83A3-98B6A47EB6D1}.Release|Any CPU.Build.0 = Release|Any CPU
	EndGlobalSection
	GlobalSection(SolutionProperties) = preSolution
		HideSolutionNode = FALSE
	EndGlobalSection
EndGlobal
